PODS:
  - DarklyEventSource (4.0.3)
  - LaunchDarkly (4.3.0):
    - LaunchDarkly/Core (= 4.3.0)
  - LaunchDarkly/Core (4.3.0):
    - DarklyEventSource (~> 4.0.3)

DEPENDENCIES:
  - LaunchDarkly (= 4.3.0)

SPEC REPOS:
  trunk:
    - DarklyEventSource
    - LaunchDarkly

SPEC CHECKSUMS:
  DarklyEventSource: 1aa40372751f075139103bb7895af8db9f2668a9
  LaunchDarkly: c219da6353eb0694e08c23fe2853cae35be2e845

PODFILE CHECKSUM: 37f5a58bb01179a122cd5de468b8acf7dc08cee5

COCOAPODS: 1.8.4
